
Microsoft Visual Studio Solution File, Format Version 12.00
# Visual Studio Version 16
VisualStudioVersion = 16.0.29905.134
MinimumVisualStudioVersion = 10.0.40219.1
Project("{2150E333-8FDC-42A3-9474-1A3956D46DE8}") = "Labs", "Labs", "{D717458F-3225-48EB-8115-AC2D3BA11723}"
EndProject
Project("{2150E333-8FDC-42A3-9474-1A3956D46DE8}") = "Labs 13.03.20", "Labs 13.03.20", "{6F6C2810-EA8B-430E-9EDB-9174205EBC70}"
EndProject
Project("{9A19103F-16F7-4668-BE54-9A1E7A4F7556}") = "ArithmeticCycles", "Labs\ArithmeticCycles\ArithmeticCycles.csproj", "{1617EDDA-73E2-45B1-A651-B068E6D807DC}"
EndProject
Project("{9A19103F-16F7-4668-BE54-9A1E7A4F7556}") = "MonotonicValueCycles", "Labs\MonotonicValueCycles\MonotonicValueCycles.csproj", "{43CF45E1-E5D7-4E39-8911-B4DFF384DBED}"
EndProject
Project("{9A19103F-16F7-4668-BE54-9A1E7A4F7556}") = "IterationCycles", "Labs\IterationCycles\IterationCycles.csproj", "{0A6DEE21-1F2E-4D49-B5BD-9F7A0B46E210}"
EndProject
Project("{2150E333-8FDC-42A3-9474-1A3956D46DE8}") = "Labs 11.03.20", "Labs 11.03.20", "{6DA20F79-29AB-43CA-925B-DE6B858CF6E7}"
EndProject
Project("{9A19103F-16F7-4668-BE54-9A1E7A4F7556}") = "QuotientCalculator", "Labs\QuotientCalculator\QuotientCalculator.csproj", "{8ECE93D7-44A1-42BF-AF70-3FE7D69872D0}"
EndProject
Project("{2150E333-8FDC-42A3-9474-1A3956D46DE8}") = "Labs 16.03.20", "Labs 16.03.20", "{BA04CCE4-28EB-4E96-8F38-A93D55044C19}"
EndProject
Project("{2150E333-8FDC-42A3-9474-1A3956D46DE8}") = "Labs 23.03.20", "Labs 23.03.20", "{21F206BA-5197-4670-B589-C928C052A638}"
EndProject
Project("{9A19103F-16F7-4668-BE54-9A1E7A4F7556}") = "BinaryConverter", "Labs\BinaryConverter\BinaryConverter.csproj", "{2D221AE4-A0C2-4A90-88B5-849DCB2A6986}"
EndProject
Project("{9A19103F-16F7-4668-BE54-9A1E7A4F7556}") = "StringsLab", "Labs\StringsLab\StringsLab.csproj", "{FA45C659-A8FE-4D33-8D18-2ADFCB24B462}"
EndProject
Project("{9A19103F-16F7-4668-BE54-9A1E7A4F7556}") = "VectorsLab", "Labs\VectorsLab\VectorsLab.csproj", "{6EF2F101-6B73-4AD7-8611-C6C0F2B827F9}"
EndProject
Project("{9A19103F-16F7-4668-BE54-9A1E7A4F7556}") = "DividerIndex", "Labs\DividerIndex\DividerIndex.csproj", "{853FC89C-2F1E-4EAA-BDF9-FF1B4F5F39DF}"
EndProject
Project("{2150E333-8FDC-42A3-9474-1A3956D46DE8}") = "Lab 25.03.20", "Lab 25.03.20", "{B1837F09-7F03-4999-BE10-79DEBEE3BD13}"
EndProject
Project("{9A19103F-16F7-4668-BE54-9A1E7A4F7556}") = "TrapezoidShape", "Labs\TrapezoidShape\TrapezoidShape.csproj", "{C1A0DE9F-97F2-47BF-8DAB-0495A9FADA6E}"
EndProject
Project("{2150E333-8FDC-42A3-9474-1A3956D46DE8}") = "30.03.20", "30.03.20", "{DDBACC8D-947C-485C-88CF-73A04FAA9D39}"
	ProjectSection(SolutionItems) = preProject
		Class1.cs = Class1.cs
	EndProjectSection
EndProject
Project("{9A19103F-16F7-4668-BE54-9A1E7A4F7556}") = "ConsoleApp1", "Labs\ConsoleApp1\ConsoleApp1.csproj", "{18B5037E-FD28-491F-8365-A95E83B53B9E}"
EndProject
Project("{2150E333-8FDC-42A3-9474-1A3956D46DE8}") = "Misc", "Misc", "{A0985839-91D2-40C3-8ECB-39484B9FE7E0}"
EndProject
Project("{9A19103F-16F7-4668-BE54-9A1E7A4F7556}") = "01_04_CheckedUncheckedExceptions", "01_04_CheckedUncheckedExceptions\01_04_CheckedUncheckedExceptions.csproj", "{DC720064-73A5-4869-865D-DA13F5515BC4}"
EndProject
Project("{2150E333-8FDC-42A3-9474-1A3956D46DE8}") = "Labs 03.04.20", "Labs 03.04.20", "{6095E8DA-D2F9-4B60-BB3E-BC023BAFECF9}"
EndProject
Project("{9A19103F-16F7-4668-BE54-9A1E7A4F7556}") = "ExceptionsHandling", "Labs\ExceptionsHandling\ExceptionsHandling.csproj", "{A78FC3C2-5A4D-479C-9187-E7103887DA01}"
EndProject
Project("{9A19103F-16F7-4668-BE54-9A1E7A4F7556}") = "OperatorOverloading", "OperatorOverloading\OperatorOverloading.csproj", "{B2CA7DB9-CC4B-47A3-9599-FF287C478D45}"
EndProject
Project("{2150E333-8FDC-42A3-9474-1A3956D46DE8}") = "Tests 06.04.20", "Tests 06.04.20", "{4C097F86-EE1D-4939-8770-0F0DADE5B142}"
EndProject
Project("{FAE04EC0-301F-11D3-BF4B-00C04F79EFBC}") = "Test", "Test\Test.csproj", "{93FA8925-89D7-493C-82EC-52F31FFCAE78}"
EndProject
Global
	GlobalSection(SolutionConfigurationPlatforms) = preSolution
		Debug|Any CPU = Debug|Any CPU
		Release|Any CPU = Release|Any CPU
	EndGlobalSection
	GlobalSection(ProjectConfigurationPlatforms) = postSolution
		{1617EDDA-73E2-45B1-A651-B068E6D807DC}.Debug|Any CPU.ActiveCfg = Debug|Any CPU
		{1617EDDA-73E2-45B1-A651-B068E6D807DC}.Debug|Any CPU.Build.0 = Debug|Any CPU
		{1617EDDA-73E2-45B1-A651-B068E6D807DC}.Release|Any CPU.ActiveCfg = Release|Any CPU
		{1617EDDA-73E2-45B1-A651-B068E6D807DC}.Release|Any CPU.Build.0 = Release|Any CPU
		{43CF45E1-E5D7-4E39-8911-B4DFF384DBED}.Debug|Any CPU.ActiveCfg = Debug|Any CPU
		{43CF45E1-E5D7-4E39-8911-B4DFF384DBED}.Debug|Any CPU.Build.0 = Debug|Any CPU
		{43CF45E1-E5D7-4E39-8911-B4DFF384DBED}.Release|Any CPU.ActiveCfg = Release|Any CPU
		{43CF45E1-E5D7-4E39-8911-B4DFF384DBED}.Release|Any CPU.Build.0 = Release|Any CPU
		{0A6DEE21-1F2E-4D49-B5BD-9F7A0B46E210}.Debug|Any CPU.ActiveCfg = Debug|Any CPU
		{0A6DEE21-1F2E-4D49-B5BD-9F7A0B46E210}.Debug|Any CPU.Build.0 = Debug|Any CPU
		{0A6DEE21-1F2E-4D49-B5BD-9F7A0B46E210}.Release|Any CPU.ActiveCfg = Release|Any CPU
		{0A6DEE21-1F2E-4D49-B5BD-9F7A0B46E210}.Release|Any CPU.Build.0 = Release|Any CPU
		{8ECE93D7-44A1-42BF-AF70-3FE7D69872D0}.Debug|Any CPU.ActiveCfg = Debug|Any CPU
		{8ECE93D7-44A1-42BF-AF70-3FE7D69872D0}.Debug|Any CPU.Build.0 = Debug|Any CPU
		{8ECE93D7-44A1-42BF-AF70-3FE7D69872D0}.Release|Any CPU.ActiveCfg = Release|Any CPU
		{8ECE93D7-44A1-42BF-AF70-3FE7D69872D0}.Release|Any CPU.Build.0 = Release|Any CPU
		{2D221AE4-A0C2-4A90-88B5-849DCB2A6986}.Debug|Any CPU.ActiveCfg = Debug|Any CPU
		{2D221AE4-A0C2-4A90-88B5-849DCB2A6986}.Debug|Any CPU.Build.0 = Debug|Any CPU
		{2D221AE4-A0C2-4A90-88B5-849DCB2A6986}.Release|Any CPU.ActiveCfg = Release|Any CPU
		{2D221AE4-A0C2-4A90-88B5-849DCB2A6986}.Release|Any CPU.Build.0 = Release|Any CPU
		{FA45C659-A8FE-4D33-8D18-2ADFCB24B462}.Debug|Any CPU.ActiveCfg = Debug|Any CPU
		{FA45C659-A8FE-4D33-8D18-2ADFCB24B462}.Debug|Any CPU.Build.0 = Debug|Any CPU
		{FA45C659-A8FE-4D33-8D18-2ADFCB24B462}.Release|Any CPU.ActiveCfg = Release|Any CPU
		{FA45C659-A8FE-4D33-8D18-2ADFCB24B462}.Release|Any CPU.Build.0 = Release|Any CPU
		{6EF2F101-6B73-4AD7-8611-C6C0F2B827F9}.Debug|Any CPU.ActiveCfg = Debug|Any CPU
		{6EF2F101-6B73-4AD7-8611-C6C0F2B827F9}.Debug|Any CPU.Build.0 = Debug|Any CPU
		{6EF2F101-6B73-4AD7-8611-C6C0F2B827F9}.Release|Any CPU.ActiveCfg = Release|Any CPU
		{6EF2F101-6B73-4AD7-8611-C6C0F2B827F9}.Release|Any CPU.Build.0 = Release|Any CPU
		{853FC89C-2F1E-4EAA-BDF9-FF1B4F5F39DF}.Debug|Any CPU.ActiveCfg = Debug|Any CPU
		{853FC89C-2F1E-4EAA-BDF9-FF1B4F5F39DF}.Debug|Any CPU.Build.0 = Debug|Any CPU
		{853FC89C-2F1E-4EAA-BDF9-FF1B4F5F39DF}.Release|Any CPU.ActiveCfg = Release|Any CPU
		{853FC89C-2F1E-4EAA-BDF9-FF1B4F5F39DF}.Release|Any CPU.Build.0 = Release|Any CPU
		{C1A0DE9F-97F2-47BF-8DAB-0495A9FADA6E}.Debug|Any CPU.ActiveCfg = Debug|Any CPU
		{C1A0DE9F-97F2-47BF-8DAB-0495A9FADA6E}.Debug|Any CPU.Build.0 = Debug|Any CPU
		{C1A0DE9F-97F2-47BF-8DAB-0495A9FADA6E}.Release|Any CPU.ActiveCfg = Release|Any CPU
		{C1A0DE9F-97F2-47BF-8DAB-0495A9FADA6E}.Release|Any CPU.Build.0 = Release|Any CPU
		{18B5037E-FD28-491F-8365-A95E83B53B9E}.Debug|Any CPU.ActiveCfg = Debug|Any CPU
		{18B5037E-FD28-491F-8365-A95E83B53B9E}.Debug|Any CPU.Build.0 = Debug|Any CPU
		{18B5037E-FD28-491F-8365-A95E83B53B9E}.Release|Any CPU.ActiveCfg = Release|Any CPU
		{18B5037E-FD28-491F-8365-A95E83B53B9E}.Release|Any CPU.Build.0 = Release|Any CPU
		{DC720064-73A5-4869-865D-DA13F5515BC4}.Debug|Any CPU.ActiveCfg = Debug|Any CPU
		{DC720064-73A5-4869-865D-DA13F5515BC4}.Debug|Any CPU.Build.0 = Debug|Any CPU
		{DC720064-73A5-4869-865D-DA13F5515BC4}.Release|Any CPU.ActiveCfg = Release|Any CPU
		{DC720064-73A5-4869-865D-DA13F5515BC4}.Release|Any CPU.Build.0 = Release|Any CPU
		{A78FC3C2-5A4D-479C-9187-E7103887DA01}.Debug|Any CPU.ActiveCfg = Debug|Any CPU
		{A78FC3C2-5A4D-479C-9187-E7103887DA01}.Debug|Any CPU.Build.0 = Debug|Any CPU
		{A78FC3C2-5A4D-479C-9187-E7103887DA01}.Release|Any CPU.ActiveCfg = Release|Any CPU
		{A78FC3C2-5A4D-479C-9187-E7103887DA01}.Release|Any CPU.Build.0 = Release|Any CPU
		{B2CA7DB9-CC4B-47A3-9599-FF287C478D45}.Debug|Any CPU.ActiveCfg = Debug|Any CPU
		{B2CA7DB9-CC4B-47A3-9599-FF287C478D45}.Debug|Any CPU.Build.0 = Debug|Any CPU
		{B2CA7DB9-CC4B-47A3-9599-FF287C478D45}.Release|Any CPU.ActiveCfg = Release|Any CPU
		{B2CA7DB9-CC4B-47A3-9599-FF287C478D45}.Release|Any CPU.Build.0 = Release|Any CPU
		{93FA8925-89D7-493C-82EC-52F31FFCAE78}.Debug|Any CPU.ActiveCfg = Debug|Any CPU
		{93FA8925-89D7-493C-82EC-52F31FFCAE78}.Debug|Any CPU.Build.0 = Debug|Any CPU
		{93FA8925-89D7-493C-82EC-52F31FFCAE78}.Release|Any CPU.ActiveCfg = Release|Any CPU
		{93FA8925-89D7-493C-82EC-52F31FFCAE78}.Release|Any CPU.Build.0 = Release|Any CPU
	EndGlobalSection
	GlobalSection(SolutionProperties) = preSolution
		HideSolutionNode = FALSE
	EndGlobalSection
	GlobalSection(NestedProjects) = preSolution
		{6F6C2810-EA8B-430E-9EDB-9174205EBC70} = {D717458F-3225-48EB-8115-AC2D3BA11723}
		{1617EDDA-73E2-45B1-A651-B068E6D807DC} = {6F6C2810-EA8B-430E-9EDB-9174205EBC70}
		{43CF45E1-E5D7-4E39-8911-B4DFF384DBED} = {6F6C2810-EA8B-430E-9EDB-9174205EBC70}
		{0A6DEE21-1F2E-4D49-B5BD-9F7A0B46E210} = {6F6C2810-EA8B-430E-9EDB-9174205EBC70}
		{6DA20F79-29AB-43CA-925B-DE6B858CF6E7} = {D717458F-3225-48EB-8115-AC2D3BA11723}
		{8ECE93D7-44A1-42BF-AF70-3FE7D69872D0} = {6DA20F79-29AB-43CA-925B-DE6B858CF6E7}
		{BA04CCE4-28EB-4E96-8F38-A93D55044C19} = {D717458F-3225-48EB-8115-AC2D3BA11723}
		{21F206BA-5197-4670-B589-C928C052A638} = {D717458F-3225-48EB-8115-AC2D3BA11723}
		{2D221AE4-A0C2-4A90-88B5-849DCB2A6986} = {BA04CCE4-28EB-4E96-8F38-A93D55044C19}
		{FA45C659-A8FE-4D33-8D18-2ADFCB24B462} = {21F206BA-5197-4670-B589-C928C052A638}
		{6EF2F101-6B73-4AD7-8611-C6C0F2B827F9} = {21F206BA-5197-4670-B589-C928C052A638}
		{853FC89C-2F1E-4EAA-BDF9-FF1B4F5F39DF} = {21F206BA-5197-4670-B589-C928C052A638}
		{B1837F09-7F03-4999-BE10-79DEBEE3BD13} = {D717458F-3225-48EB-8115-AC2D3BA11723}
		{C1A0DE9F-97F2-47BF-8DAB-0495A9FADA6E} = {B1837F09-7F03-4999-BE10-79DEBEE3BD13}
		{DDBACC8D-947C-485C-88CF-73A04FAA9D39} = {D717458F-3225-48EB-8115-AC2D3BA11723}
		{18B5037E-FD28-491F-8365-A95E83B53B9E} = {DDBACC8D-947C-485C-88CF-73A04FAA9D39}
		{DC720064-73A5-4869-865D-DA13F5515BC4} = {A0985839-91D2-40C3-8ECB-39484B9FE7E0}
		{6095E8DA-D2F9-4B60-BB3E-BC023BAFECF9} = {D717458F-3225-48EB-8115-AC2D3BA11723}
		{A78FC3C2-5A4D-479C-9187-E7103887DA01} = {6095E8DA-D2F9-4B60-BB3E-BC023BAFECF9}
		{B2CA7DB9-CC4B-47A3-9599-FF287C478D45} = {6095E8DA-D2F9-4B60-BB3E-BC023BAFECF9}
		{4C097F86-EE1D-4939-8770-0F0DADE5B142} = {D717458F-3225-48EB-8115-AC2D3BA11723}
		{93FA8925-89D7-493C-82EC-52F31FFCAE78} = {4C097F86-EE1D-4939-8770-0F0DADE5B142}
	EndGlobalSection
	GlobalSection(ExtensibilityGlobals) = postSolution
		SolutionGuid = {A361BD53-AFB0-4B12-8101-41AF0B6007D2}
	EndGlobalSection
EndGlobal
