
Microsoft Visual Studio Solution File, Format Version 12.00
# Visual Studio Version 16
VisualStudioVersion = 16.0.29911.84
MinimumVisualStudioVersion = 10.0.40219.1
Project("{FAE04EC0-301F-11D3-BF4B-00C04F79EFBC}") = "StringsLab", "StringsLab\StringsLab.csproj", "{EC5017A9-3BA1-4E39-8B60-F7A654C120F1}"
EndProject
Global
	GlobalSection(SolutionConfigurationPlatforms) = preSolution
		Debug|Any CPU = Debug|Any CPU
		Release|Any CPU = Release|Any CPU
	EndGlobalSection
	GlobalSection(ProjectConfigurationPlatforms) = postSolution
		{EC5017A9-3BA1-4E39-8B60-F7A654C120F1}.Debug|Any CPU.ActiveCfg = Debug|Any CPU
		{EC5017A9-3BA1-4E39-8B60-F7A654C120F1}.Debug|Any CPU.Build.0 = Debug|Any CPU
		{EC5017A9-3BA1-4E39-8B60-F7A654C120F1}.Release|Any CPU.ActiveCfg = Release|Any CPU
		{EC5017A9-3BA1-4E39-8B60-F7A654C120F1}.Release|Any CPU.Build.0 = Release|Any CPU
	EndGlobalSection
	GlobalSection(SolutionProperties) = preSolution
		HideSolutionNode = FALSE
	EndGlobalSection
	GlobalSection(ExtensibilityGlobals) = postSolution
		SolutionGuid = {4E89686D-25C2-4FD5-B0F6-D2FE5E038DDD}
	EndGlobalSection
EndGlobal
